{
  "version": 4,
  "terraform_version": "1.9.0",
  "serial": 60,
  "lineage": "41d4f1ad-dacd-05f5-cb57-6e682c4da9b9",
  "outputs": {
    "az": {
      "value": "us-east-1b",
      "type": "string"
    },
    "pip": {
      "value": "98.82.202.92",
      "type": "string"
    },
    "ssh-command": {
      "value": "ssh -i ec2-key.pem ec2-user@98.82.202.92",
      "type": "string"
    }
  },
  "resources": [
    {
      "mode": "managed",
      "type": "aws_instance",
      "name": "server1",
      "provider": "provider[\"registry.terraform.io/hashicorp/aws\"]",
      "instances": [
        {
          "schema_version": 1,
          "attributes": {
            "ami": "ami-0a5c3558529277641",
            "arn": "arn:aws:ec2:us-east-1:257070983248:instance/i-0a1c5fef4e0a0aa1e",
            "associate_public_ip_address": true,
            "availability_zone": "us-east-1b",
            "capacity_reservation_specification": [
              {
                "capacity_reservation_preference": "open",
                "capacity_reservation_target": []
              }
            ],
            "cpu_core_count": 1,
            "cpu_options": [
              {
                "amd_sev_snp": "",
                "core_count": 1,
                "threads_per_core": 1
              }
            ],
            "cpu_threads_per_core": 1,
            "credit_specification": [
              {
                "cpu_credits": "standard"
              }
            ],
            "disable_api_stop": false,
            "disable_api_termination": false,
            "ebs_block_device": [],
            "ebs_optimized": false,
            "enclave_options": [
              {
                "enabled": false
              }
            ],
            "ephemeral_block_device": [],
            "get_password_data": false,
            "hibernation": false,
            "host_id": "",
            "host_resource_group_arn": null,
            "iam_instance_profile": "",
            "id": "i-0a1c5fef4e0a0aa1e",
            "instance_initiated_shutdown_behavior": "stop",
            "instance_lifecycle": "",
            "instance_market_options": [],
            "instance_state": "running",
            "instance_type": "t2.micro",
            "ipv6_address_count": 0,
            "ipv6_addresses": [],
            "key_name": "ec2-key",
            "launch_template": [],
            "maintenance_options": [
              {
                "auto_recovery": "default"
              }
            ],
            "metadata_options": [
              {
                "http_endpoint": "enabled",
                "http_protocol_ipv6": "disabled",
                "http_put_response_hop_limit": 1,
                "http_tokens": "optional",
                "instance_metadata_tags": "disabled"
              }
            ],
            "monitoring": false,
            "network_interface": [],
            "outpost_arn": "",
            "password_data": "",
            "placement_group": "",
            "placement_partition_number": 0,
            "primary_network_interface_id": "eni-098b4976cf4ce1c5c",
            "private_dns": "ip-172-31-33-254.ec2.internal",
            "private_dns_name_options": [
              {
                "enable_resource_name_dns_a_record": false,
                "enable_resource_name_dns_aaaa_record": false,
                "hostname_type": "ip-name"
              }
            ],
            "private_ip": "172.31.33.254",
            "public_dns": "ec2-98-82-202-92.compute-1.amazonaws.com",
            "public_ip": "98.82.202.92",
            "root_block_device": [
              {
                "delete_on_termination": true,
                "device_name": "/dev/xvda",
                "encrypted": false,
                "iops": 100,
                "kms_key_id": "",
                "tags": {},
                "tags_all": {},
                "throughput": 0,
                "volume_id": "vol-0738e7c781727bdab",
                "volume_size": 8,
                "volume_type": "gp2"
              }
            ],
            "secondary_private_ips": [],
            "security_groups": [
              "web-sg"
            ],
            "source_dest_check": true,
            "spot_instance_request_id": "",
            "subnet_id": "subnet-00b38b0ae39ec77aa",
            "tags": {
              "Name": "Terraform server1",
              "env": "dev"
            },
            "tags_all": {
              "Name": "Terraform server1",
              "env": "dev"
            },
            "tenancy": "default",
            "timeouts": null,
            "user_data": "bc03f478d3c1306406452e8be8ea92b9e5081ca1",
            "user_data_base64": null,
            "user_data_replace_on_change": false,
            "volume_tags": null,
            "vpc_security_group_ids": [
              "sg-0ddc0144c739ac76d"
            ]
          },
          "sensitive_attributes": [],
          "private": "eyJlMmJmYjczMC1lY2FhLTExZTYtOGY4OC0zNDM2M2JjN2M0YzAiOnsiY3JlYXRlIjo2MDAwMDAwMDAwMDAsImRlbGV0ZSI6MTIwMDAwMDAwMDAwMCwicmVhZCI6OTAwMDAwMDAwMDAwLCJ1cGRhdGUiOjYwMDAwMDAwMDAwMH0sInNjaGVtYV92ZXJzaW9uIjoiMSJ9",
          "dependencies": [
            "aws_security_group.sg-demo"
          ]
        }
      ]
    },
    {
      "mode": "managed",
      "type": "aws_key_pair",
      "name": "ec2_key",
      "provider": "provider[\"registry.terraform.io/hashicorp/aws\"]",
      "instances": [
        {
          "schema_version": 1,
          "attributes": {
            "arn": "arn:aws:ec2:us-east-1:257070983248:key-pair/ec2-key",
            "fingerprint": "db:d8:a6:9f:83:ea:d3:30:be:cd:0a:e7:85:f6:a3:83",
            "id": "ec2-key",
            "key_name": "ec2-key",
            "key_name_prefix": "",
            "key_pair_id": "key-068c5255ff617ae6c",
            "key_type": "rsa",
            "public_key": "ssh-rsa AAAAB3NzaC1yc2EAAAADAQABAAABAQCxCSHpu9Lm9oUyA0k31eKy5NulSOHKH1/fIDEq4m+zUl4LnnTJGc6+MBpy6SGEch4OBTlwKF/y5rkeTapucxVKOFY2E1dcTQDBAyaSky2L2Rmho2wb8qte2nfrcukdWp8E6N6RN4d1UDnKSroH4UPFFCzRM1WP41X7bZnAf7RwucIQL09rLC5Pr9FZIzGqEUFlo2WP65Ed+WGbZVF7nFtqjecCSfJsNxcX4UjEr7sk5CpvfH7NYM4iI92pYI8hSabtta9fGVq2pRM8v2O4/EIehFEkQe9i7jOYkVQx/8MTc5WRN3HNdDf9IzOSE9qi1fl5tPGzge4Ib9jG7Y2XlgWL",
            "tags": null,
            "tags_all": {}
          },
          "sensitive_attributes": [],
          "private": "eyJzY2hlbWFfdmVyc2lvbiI6IjEifQ==",
          "dependencies": [
            "tls_private_key.ec2_key"
          ]
        }
      ]
    },
    {
      "mode": "managed",
      "type": "aws_security_group",
      "name": "sg-demo",
      "provider": "provider[\"registry.terraform.io/hashicorp/aws\"]",
      "instances": [
        {
          "schema_version": 1,
          "attributes": {
            "arn": "arn:aws:ec2:us-east-1:257070983248:security-group/sg-0ddc0144c739ac76d",
            "description": "Allow ssh and http inbound traffic",
            "egress": [],
            "id": "sg-0ddc0144c739ac76d",
            "ingress": [
              {
                "cidr_blocks": [
                  "0.0.0.0/0"
                ],
                "description": "",
                "from_port": 0,
                "ipv6_cidr_blocks": [],
                "prefix_list_ids": [],
                "protocol": "-1",
                "security_groups": [],
                "self": false,
                "to_port": 0
              },
              {
                "cidr_blocks": [
                  "0.0.0.0/0"
                ],
                "description": "",
                "from_port": 22,
                "ipv6_cidr_blocks": [],
                "prefix_list_ids": [],
                "protocol": "tcp",
                "security_groups": [],
                "self": false,
                "to_port": 22
              },
              {
                "cidr_blocks": [
                  "0.0.0.0/0"
                ],
                "description": "",
                "from_port": 8080,
                "ipv6_cidr_blocks": [],
                "prefix_list_ids": [],
                "protocol": "tcp",
                "security_groups": [],
                "self": false,
                "to_port": 8080
              },
              {
                "cidr_blocks": [
                  "0.0.0.0/0"
                ],
                "description": "",
                "from_port": 80,
                "ipv6_cidr_blocks": [],
                "prefix_list_ids": [],
                "protocol": "tcp",
                "security_groups": [],
                "self": false,
                "to_port": 80
              }
            ],
            "name": "web-sg",
            "name_prefix": "",
            "owner_id": "257070983248",
            "revoke_rules_on_delete": false,
            "tags": null,
            "tags_all": {},
            "timeouts": null,
            "vpc_id": "vpc-0f813a6d00cba6306"
          },
          "sensitive_attributes": [],
          "private": "eyJlMmJmYjczMC1lY2FhLTExZTYtOGY4OC0zNDM2M2JjN2M0YzAiOnsiY3JlYXRlIjo2MDAwMDAwMDAwMDAsImRlbGV0ZSI6OTAwMDAwMDAwMDAwfSwic2NoZW1hX3ZlcnNpb24iOiIxIn0="
        }
      ]
    },
    {
      "mode": "managed",
      "type": "local_file",
      "name": "ssh_key",
      "provider": "provider[\"registry.terraform.io/hashicorp/local\"]",
      "instances": [
        {
          "schema_version": 0,
          "attributes": {
            "content": "-----BEGIN RSA PRIVATE KEY-----\nMIIEowIBAAKCAQEAsQkh6bvS5vaFMgNJN9XisuTbpUjhyh9f3yAxKuJvs1JeC550\nyRnOvjAacukhhHIeDgU5cChf8ua5Hk2qbnMVSjhWNhNXXE0AwQMmkpMti9kZoaNs\nG/KrXtp363LpHVqfBOjekTeHdVA5ykq6B+FDxRQs0TNVj+NV+22ZwH+0cLnCEC9P\naywuT6/RWSMxqhFBZaNlj+uRHflhm2VRe5xbao3nAknybDcXF+FIxK+7JOQqb3x+\nzWDOIiPdqWCPIUmm7bWvXxlatqUTPL9juPxCHoRRJEHvYu4zmJFUMf/DE3OVkTdx\nzXQ3/SMzkhPaotX5ebTxs4HuCG/Yxu2Nl5YFiwIDAQABAoIBAHQ7XryqyGlDaWfQ\nqH20O8bgYyU9mKCvwK4p4J4bVOMTLRPL0TlHbGmKA5N2ZL8kfX8PBwsQNw6vVNME\nguVJQa0dF90hDbZYCCqw+t45KyoqO53YQd6HkOQR47H+G/ddzBHZImeNYa4wIgEi\n1sjdqTT3bgVcAs0ZoRYWe1/beIiZFbbt7/EkseQNOlYNelPjGCPax54/OdU75SO4\nlrf06cKIOwlZbofDvj0oMe6f1yXjbkPfTz+zKEkuL64mQznj5lSg4NGEVlz7ITdl\nU2y1sQwUlthHGlL43OTBDVXXk7nbq/d4dmBdNWLxHPbscCLzHU+XbKl4QI2l5ZB3\nbzaxvCECgYEA0zLzS5h7tbqrnp4Hv42zauaZ80JWE0FrsQUovA1bZDka/FCglK7g\nibt5ArK0lW3GR1c2XTP79nIrwGA7ocVjmdAvkGKMDfH136gfj12r0n4SMdrGDLOH\nJDBwdHqo3H9ZGqPqmLRs6axOz5B/PxA1ZBOY0n6edM9LAqdgWSGG4P0CgYEA1pb1\nrGSYCSc9RsYCDO95ZXW23nYAJ+YWHLq1m6+5u4iidO4JFZNYFlDTqGOBBuLRtRKf\n1TZIZ0kGsp55VQYuij6VrTc1UVRrDa2rQoH0zTEVRFwhXU5np+vjjn+lSJJw7drU\nfP4pnOW4wt3ZxYh4RHfPwEsEBI1H2UAmR0wAaycCgYBiS6Zcmr2JGTZi/p4Qkzzc\nFjO0uj0hfSNIImSREY5lmQZsRIJYcQPkVrK9hLrziUHtVjPhMR6l1wFx6dgXNK1k\nmzZn9tXEb8bFr5Pwv+IGd9K0DWR76NqPB1Rvgd8xsLuh4ISBSggewal0hYYTrdGL\noGtSHMhXCVuaApifIzGJaQKBgQCKb3LoFzE53nWafcz+2VLgkHM7yrZJBxdGy3Cz\nkkbo47miY5m6sIaIRvZ00FSBw7vz66LvIojNEQBgJPozTryhdMSMrWwZHrO9bEdq\nrXnnEf4dTq47ioQ2gWgZGuHfEpIF8EFarYDc9hoepI6D74le6kg9Tme2JAqw7cCE\nCFTQywKBgBsFQ48fXU1CnN4B9pCp/ZR36an9W0UJsqO1fJHXOe9yx2WD2PUvEEc+\nAS4YNenA7sB2/7LWJMN35jHNoPHnxS+XeAuiQWhh7sfStGhxeQV6q18xlMkgGNaI\nULyVohkFRlWmvjFRDCKiY7HKCoS2udvqbQhsrvLljBlmy/vfqIN0\n-----END RSA PRIVATE KEY-----\n",
            "content_base64": null,
            "content_base64sha256": "Mp2eiY31Y+9MBkn4hCzHKHrw5B6morKVKn0NtyFw0dg=",
            "content_base64sha512": "V2iczclIT3XZMIVRbdA6OUYdhsKCoMpY93NOt9t+7XUXCw7SNEEdeAlf2FH1HzGwFj8mWCjGp615RGRkXgWGTQ==",
            "content_md5": "10be5af63056e0d017cb45173dc32db8",
            "content_sha1": "0947302ab9e2bbe5c9444fd3116d0e7167e8877f",
            "content_sha256": "329d9e898df563ef4c0649f8842cc7287af0e41ea6a2b2952a7d0db72170d1d8",
            "content_sha512": "57689ccdc9484f75d93085516dd03a39461d86c282a0ca58f7734eb7db7eed75170b0ed234411d78095fd851f51f31b0163f265828c6a7ad794464645e05864d",
            "directory_permission": "0777",
            "file_permission": "0777",
            "filename": "ec2-key.pem",
            "id": "0947302ab9e2bbe5c9444fd3116d0e7167e8877f",
            "sensitive_content": null,
            "source": null
          },
          "sensitive_attributes": [
            [
              {
                "type": "get_attr",
                "value": "content"
              }
            ],
            [
              {
                "type": "get_attr",
                "value": "sensitive_content"
              }
            ]
          ],
          "dependencies": [
            "tls_private_key.ec2_key"
          ]
        }
      ]
    },
    {
      "mode": "managed",
      "type": "tls_private_key",
      "name": "ec2_key",
      "provider": "provider[\"registry.terraform.io/hashicorp/tls\"]",
      "instances": [
        {
          "schema_version": 1,
          "attributes": {
            "algorithm": "RSA",
            "ecdsa_curve": "P224",
            "id": "d3203f5c8ecae2a9ac4d37f6f8c8093a4ab25dad",
            "private_key_openssh": "-----BEGIN OPENSSH PRIVATE KEY-----\nb3BlbnNzaC1rZXktdjEAAAAABG5vbmUAAAAEbm9uZQAAAAAAAAABAAABFwAAAAdz\nc2gtcnNhAAAAAwEAAQAAAQEAsQkh6bvS5vaFMgNJN9XisuTbpUjhyh9f3yAxKuJv\ns1JeC550yRnOvjAacukhhHIeDgU5cChf8ua5Hk2qbnMVSjhWNhNXXE0AwQMmkpMt\ni9kZoaNsG/KrXtp363LpHVqfBOjekTeHdVA5ykq6B+FDxRQs0TNVj+NV+22ZwH+0\ncLnCEC9PaywuT6/RWSMxqhFBZaNlj+uRHflhm2VRe5xbao3nAknybDcXF+FIxK+7\nJOQqb3x+zWDOIiPdqWCPIUmm7bWvXxlatqUTPL9juPxCHoRRJEHvYu4zmJFUMf/D\nE3OVkTdxzXQ3/SMzkhPaotX5ebTxs4HuCG/Yxu2Nl5YFiwAAA7gi0fC2ItHwtgAA\nAAdzc2gtcnNhAAABAQCxCSHpu9Lm9oUyA0k31eKy5NulSOHKH1/fIDEq4m+zUl4L\nnnTJGc6+MBpy6SGEch4OBTlwKF/y5rkeTapucxVKOFY2E1dcTQDBAyaSky2L2Rmh\no2wb8qte2nfrcukdWp8E6N6RN4d1UDnKSroH4UPFFCzRM1WP41X7bZnAf7RwucIQ\nL09rLC5Pr9FZIzGqEUFlo2WP65Ed+WGbZVF7nFtqjecCSfJsNxcX4UjEr7sk5Cpv\nfH7NYM4iI92pYI8hSabtta9fGVq2pRM8v2O4/EIehFEkQe9i7jOYkVQx/8MTc5WR\nN3HNdDf9IzOSE9qi1fl5tPGzge4Ib9jG7Y2XlgWLAAAAAwEAAQAAAQB0O168qshp\nQ2ln0Kh9tDvG4GMlPZigr8CuKeCeG1TjEy0Ty9E5R2xpigOTdmS/JH1/DwcLEDcO\nr1TTBILlSUGtHRfdIQ22WAgqsPreOSsqKjud2EHeh5DkEeOx/hv3XcwR2SJnjWGu\nMCIBItbI3ak0924FXALNGaEWFntf23iImRW27e/xJLHkDTpWDXpT4xgj2seePznV\nO+UjuJa39OnCiDsJWW6Hw749KDHun9cl425D308/syhJLi+uJkM54+ZUoODRhFZc\n+yE3ZVNstbEMFJbYRxpS+NzkwQ1V15O526v3eHZgXTVi8Rz27HAi8x1Pl2ypeECN\npeWQd282sbwhAAAAgBsFQ48fXU1CnN4B9pCp/ZR36an9W0UJsqO1fJHXOe9yx2WD\n2PUvEEc+AS4YNenA7sB2/7LWJMN35jHNoPHnxS+XeAuiQWhh7sfStGhxeQV6q18x\nlMkgGNaIULyVohkFRlWmvjFRDCKiY7HKCoS2udvqbQhsrvLljBlmy/vfqIN0AAAA\ngQDTMvNLmHu1uquenge/jbNq5pnzQlYTQWuxBSi8DVtkORr8UKCUruCJu3kCsrSV\nbcZHVzZdM/v2civAYDuhxWOZ0C+QYowN8fXfqB+PXavSfhIx2sYMs4ckMHB0eqjc\nf1kao+qYtGzprE7PkH8/EDVkE5jSfp50z0sCp2BZIYbg/QAAAIEA1pb1rGSYCSc9\nRsYCDO95ZXW23nYAJ+YWHLq1m6+5u4iidO4JFZNYFlDTqGOBBuLRtRKf1TZIZ0kG\nsp55VQYuij6VrTc1UVRrDa2rQoH0zTEVRFwhXU5np+vjjn+lSJJw7drUfP4pnOW4\nwt3ZxYh4RHfPwEsEBI1H2UAmR0wAaycAAAAAAQID\n-----END OPENSSH PRIVATE KEY-----\n",
            "private_key_pem": "-----BEGIN RSA PRIVATE KEY-----\nMIIEowIBAAKCAQEAsQkh6bvS5vaFMgNJN9XisuTbpUjhyh9f3yAxKuJvs1JeC550\nyRnOvjAacukhhHIeDgU5cChf8ua5Hk2qbnMVSjhWNhNXXE0AwQMmkpMti9kZoaNs\nG/KrXtp363LpHVqfBOjekTeHdVA5ykq6B+FDxRQs0TNVj+NV+22ZwH+0cLnCEC9P\naywuT6/RWSMxqhFBZaNlj+uRHflhm2VRe5xbao3nAknybDcXF+FIxK+7JOQqb3x+\nzWDOIiPdqWCPIUmm7bWvXxlatqUTPL9juPxCHoRRJEHvYu4zmJFUMf/DE3OVkTdx\nzXQ3/SMzkhPaotX5ebTxs4HuCG/Yxu2Nl5YFiwIDAQABAoIBAHQ7XryqyGlDaWfQ\nqH20O8bgYyU9mKCvwK4p4J4bVOMTLRPL0TlHbGmKA5N2ZL8kfX8PBwsQNw6vVNME\nguVJQa0dF90hDbZYCCqw+t45KyoqO53YQd6HkOQR47H+G/ddzBHZImeNYa4wIgEi\n1sjdqTT3bgVcAs0ZoRYWe1/beIiZFbbt7/EkseQNOlYNelPjGCPax54/OdU75SO4\nlrf06cKIOwlZbofDvj0oMe6f1yXjbkPfTz+zKEkuL64mQznj5lSg4NGEVlz7ITdl\nU2y1sQwUlthHGlL43OTBDVXXk7nbq/d4dmBdNWLxHPbscCLzHU+XbKl4QI2l5ZB3\nbzaxvCECgYEA0zLzS5h7tbqrnp4Hv42zauaZ80JWE0FrsQUovA1bZDka/FCglK7g\nibt5ArK0lW3GR1c2XTP79nIrwGA7ocVjmdAvkGKMDfH136gfj12r0n4SMdrGDLOH\nJDBwdHqo3H9ZGqPqmLRs6axOz5B/PxA1ZBOY0n6edM9LAqdgWSGG4P0CgYEA1pb1\nrGSYCSc9RsYCDO95ZXW23nYAJ+YWHLq1m6+5u4iidO4JFZNYFlDTqGOBBuLRtRKf\n1TZIZ0kGsp55VQYuij6VrTc1UVRrDa2rQoH0zTEVRFwhXU5np+vjjn+lSJJw7drU\nfP4pnOW4wt3ZxYh4RHfPwEsEBI1H2UAmR0wAaycCgYBiS6Zcmr2JGTZi/p4Qkzzc\nFjO0uj0hfSNIImSREY5lmQZsRIJYcQPkVrK9hLrziUHtVjPhMR6l1wFx6dgXNK1k\nmzZn9tXEb8bFr5Pwv+IGd9K0DWR76NqPB1Rvgd8xsLuh4ISBSggewal0hYYTrdGL\noGtSHMhXCVuaApifIzGJaQKBgQCKb3LoFzE53nWafcz+2VLgkHM7yrZJBxdGy3Cz\nkkbo47miY5m6sIaIRvZ00FSBw7vz66LvIojNEQBgJPozTryhdMSMrWwZHrO9bEdq\nrXnnEf4dTq47ioQ2gWgZGuHfEpIF8EFarYDc9hoepI6D74le6kg9Tme2JAqw7cCE\nCFTQywKBgBsFQ48fXU1CnN4B9pCp/ZR36an9W0UJsqO1fJHXOe9yx2WD2PUvEEc+\nAS4YNenA7sB2/7LWJMN35jHNoPHnxS+XeAuiQWhh7sfStGhxeQV6q18xlMkgGNaI\nULyVohkFRlWmvjFRDCKiY7HKCoS2udvqbQhsrvLljBlmy/vfqIN0\n-----END RSA PRIVATE KEY-----\n",
            "private_key_pem_pkcs8": "-----BEGIN PRIVATE KEY-----\nMIIEvQIBADANBgkqhkiG9w0BAQEFAASCBKcwggSjAgEAAoIBAQCxCSHpu9Lm9oUy\nA0k31eKy5NulSOHKH1/fIDEq4m+zUl4LnnTJGc6+MBpy6SGEch4OBTlwKF/y5rke\nTapucxVKOFY2E1dcTQDBAyaSky2L2Rmho2wb8qte2nfrcukdWp8E6N6RN4d1UDnK\nSroH4UPFFCzRM1WP41X7bZnAf7RwucIQL09rLC5Pr9FZIzGqEUFlo2WP65Ed+WGb\nZVF7nFtqjecCSfJsNxcX4UjEr7sk5CpvfH7NYM4iI92pYI8hSabtta9fGVq2pRM8\nv2O4/EIehFEkQe9i7jOYkVQx/8MTc5WRN3HNdDf9IzOSE9qi1fl5tPGzge4Ib9jG\n7Y2XlgWLAgMBAAECggEAdDtevKrIaUNpZ9CofbQ7xuBjJT2YoK/AringnhtU4xMt\nE8vROUdsaYoDk3ZkvyR9fw8HCxA3Dq9U0wSC5UlBrR0X3SENtlgIKrD63jkrKio7\nndhB3oeQ5BHjsf4b913MEdkiZ41hrjAiASLWyN2pNPduBVwCzRmhFhZ7X9t4iJkV\ntu3v8SSx5A06Vg16U+MYI9rHnj851TvlI7iWt/Tpwog7CVluh8O+PSgx7p/XJeNu\nQ99PP7MoSS4vriZDOePmVKDg0YRWXPshN2VTbLWxDBSW2EcaUvjc5MENVdeTudur\n93h2YF01YvEc9uxwIvMdT5dsqXhAjaXlkHdvNrG8IQKBgQDTMvNLmHu1uquenge/\njbNq5pnzQlYTQWuxBSi8DVtkORr8UKCUruCJu3kCsrSVbcZHVzZdM/v2civAYDuh\nxWOZ0C+QYowN8fXfqB+PXavSfhIx2sYMs4ckMHB0eqjcf1kao+qYtGzprE7PkH8/\nEDVkE5jSfp50z0sCp2BZIYbg/QKBgQDWlvWsZJgJJz1GxgIM73lldbbedgAn5hYc\nurWbr7m7iKJ07gkVk1gWUNOoY4EG4tG1Ep/VNkhnSQaynnlVBi6KPpWtNzVRVGsN\nratCgfTNMRVEXCFdTmen6+OOf6VIknDt2tR8/imc5bjC3dnFiHhEd8/ASwQEjUfZ\nQCZHTABrJwKBgGJLplyavYkZNmL+nhCTPNwWM7S6PSF9I0giZJERjmWZBmxEglhx\nA+RWsr2EuvOJQe1WM+ExHqXXAXHp2Bc0rWSbNmf21cRvxsWvk/C/4gZ30rQNZHvo\n2o8HVG+B3zGwu6HghIFKCB7BqXSFhhOt0Yuga1IcyFcJW5oCmJ8jMYlpAoGBAIpv\ncugXMTnedZp9zP7ZUuCQczvKtkkHF0bLcLOSRujjuaJjmbqwhohG9nTQVIHDu/Pr\nou8iiM0RAGAk+jNOvKF0xIytbBkes71sR2qteecR/h1OrjuKhDaBaBka4d8SkgXw\nQVqtgNz2Gh6kjoPviV7qSD1OZ7YkCrDtwIQIVNDLAoGAGwVDjx9dTUKc3gH2kKn9\nlHfpqf1bRQmyo7V8kdc573LHZYPY9S8QRz4BLhg16cDuwHb/stYkw3fmMc2g8efF\nL5d4C6JBaGHux9K0aHF5BXqrXzGUySAY1ohQvJWiGQVGVaa+MVEMIqJjscoKhLa5\n2+ptCGyu8uWMGWbL+9+og3Q=\n-----END PRIVATE KEY-----\n",
            "public_key_fingerprint_md5": "6c:17:28:f4:10:9b:78:39:2e:61:94:e2:8b:7e:e6:d3",
            "public_key_fingerprint_sha256": "SHA256:rNKCIvQh8nly0Anr1CHULuZnDBMuclWtHEZFfT8ibzk",
            "public_key_openssh": "ssh-rsa AAAAB3NzaC1yc2EAAAADAQABAAABAQCxCSHpu9Lm9oUyA0k31eKy5NulSOHKH1/fIDEq4m+zUl4LnnTJGc6+MBpy6SGEch4OBTlwKF/y5rkeTapucxVKOFY2E1dcTQDBAyaSky2L2Rmho2wb8qte2nfrcukdWp8E6N6RN4d1UDnKSroH4UPFFCzRM1WP41X7bZnAf7RwucIQL09rLC5Pr9FZIzGqEUFlo2WP65Ed+WGbZVF7nFtqjecCSfJsNxcX4UjEr7sk5CpvfH7NYM4iI92pYI8hSabtta9fGVq2pRM8v2O4/EIehFEkQe9i7jOYkVQx/8MTc5WRN3HNdDf9IzOSE9qi1fl5tPGzge4Ib9jG7Y2XlgWL\n",
            "public_key_pem": "-----BEGIN PUBLIC KEY-----\nMIIBIjANBgkqhkiG9w0BAQEFAAOCAQ8AMIIBCgKCAQEAsQkh6bvS5vaFMgNJN9Xi\nsuTbpUjhyh9f3yAxKuJvs1JeC550yRnOvjAacukhhHIeDgU5cChf8ua5Hk2qbnMV\nSjhWNhNXXE0AwQMmkpMti9kZoaNsG/KrXtp363LpHVqfBOjekTeHdVA5ykq6B+FD\nxRQs0TNVj+NV+22ZwH+0cLnCEC9PaywuT6/RWSMxqhFBZaNlj+uRHflhm2VRe5xb\nao3nAknybDcXF+FIxK+7JOQqb3x+zWDOIiPdqWCPIUmm7bWvXxlatqUTPL9juPxC\nHoRRJEHvYu4zmJFUMf/DE3OVkTdxzXQ3/SMzkhPaotX5ebTxs4HuCG/Yxu2Nl5YF\niwIDAQAB\n-----END PUBLIC KEY-----\n",
            "rsa_bits": 2048
          },
          "sensitive_attributes": [
            [
              {
                "type": "get_attr",
                "value": "private_key_pem_pkcs8"
              }
            ],
            [
              {
                "type": "get_attr",
                "value": "private_key_openssh"
              }
            ],
            [
              {
                "type": "get_attr",
                "value": "private_key_pem"
              }
            ]
          ]
        }
      ]
    }
  ],
  "check_results": null
}
